
Microsoft Visual Studio Solution File, Format Version 12.00
Project("{FAE04EC0-301F-11D3-BF4B-00C04F79EFBC}") = "02-WEB-API zadanie3", "02-WEB-API zadanie3\02-WEB-API zadanie3.csproj", "{450086D8-12B2-46F1-912D-DA77A375240E}"
EndProject
Global
	GlobalSection(SolutionConfigurationPlatforms) = preSolution
		Debug|Any CPU = Debug|Any CPU
		Release|Any CPU = Release|Any CPU
	EndGlobalSection
	GlobalSection(ProjectConfigurationPlatforms) = postSolution
		{450086D8-12B2-46F1-912D-DA77A375240E}.Debug|Any CPU.ActiveCfg = Debug|Any CPU
		{450086D8-12B2-46F1-912D-DA77A375240E}.Debug|Any CPU.Build.0 = Debug|Any CPU
		{450086D8-12B2-46F1-912D-DA77A375240E}.Release|Any CPU.ActiveCfg = Release|Any CPU
		{450086D8-12B2-46F1-912D-DA77A375240E}.Release|Any CPU.Build.0 = Release|Any CPU
	EndGlobalSection
EndGlobal
